
Microsoft Visual Studio Solution File, Format Version 12.00
# Visual Studio Version 16
VisualStudioVersion = 16.0.31205.134
MinimumVisualStudioVersion = 10.0.40219.1
Project("{FAE04EC0-301F-11D3-BF4B-00C04F79EFBC}") = "DapperDemo", "DapperDemo.csproj", "{AEFA54B1-DCB1-4496-BE2B-304C9BEFFD3C}"
EndProject
Global
	GlobalSection(SolutionConfigurationPlatforms) = preSolution
		Debug|Any CPU = Debug|Any CPU
		Release|Any CPU = Release|Any CPU
	EndGlobalSection
	GlobalSection(ProjectConfigurationPlatforms) = postSolution
		{AEFA54B1-DCB1-4496-BE2B-304C9BEFFD3C}.Debug|Any CPU.ActiveCfg = Debug|Any CPU
		{AEFA54B1-DCB1-4496-BE2B-304C9BEFFD3C}.Debug|Any CPU.Build.0 = Debug|Any CPU
		{AEFA54B1-DCB1-4496-BE2B-304C9BEFFD3C}.Release|Any CPU.ActiveCfg = Release|Any CPU
		{AEFA54B1-DCB1-4496-BE2B-304C9BEFFD3C}.Release|Any CPU.Build.0 = Release|Any CPU
	EndGlobalSection
	GlobalSection(SolutionProperties) = preSolution
		HideSolutionNode = FALSE
	EndGlobalSection
	GlobalSection(ExtensibilityGlobals) = postSolution
		SolutionGuid = {4D5ADB42-FD25-4417-B047-C9938058727D}
	EndGlobalSection
EndGlobal
